github.com/go-chi/chi v1.5.5 h1:vOB/HbEMt9QqBqErz07QehcOKHaWFtuj87tTDVz2qXE=
github.com/go-chi/chi v1.5.5/go.mod h1:C9JqLr3tIYjDOZpzn+BCuxY8z8vmca43EeMgyZt7irw=
github.com/go-kratos/kratos/v2 v2.9.1 h1:EGif6/S/aK/RCR5clIbyhioTNyoSrii3FC118jG40Z0=
github.com/go-kratos/kratos/v2 v2.9.1/go.mod h1:a1MQLjMhIh7R0kcJS9SzJYR43BRI7EPzzN0J1Ksu2bA=
